
Microsoft Visual Studio Solution File, Format Version 11.00
# Visual Studio 2010
Project("{FAE04EC0-301F-11D3-BF4B-00C04F79EFBC}") = "RedisConsole", "RedisConsole\RedisConsole.csproj", "{F864F2FA-C92F-41D2-857A-46B8467A9376}"
EndProject
Project("{FAE04EC0-301F-11D3-BF4B-00C04F79EFBC}") = "BettleRedis", "BettleRedis\BettleRedis.csproj", "{5D6B259F-E855-4755-8E81-7E4DCC1F99F0}"
EndProject
Project("{FAE04EC0-301F-11D3-BF4B-00C04F79EFBC}") = "BettleRedisTest", "BettleRedisTest\BettleRedisTest.csproj", "{39E66ABB-E69E-4DFE-82A7-101D87488F28}"
EndProject
Project("{2150E333-8FDC-42A3-9474-1A3956D46DE8}") = "Solution Items", "Solution Items", "{347D0A64-6099-45EE-8FC4-09531394FF1F}"
	ProjectSection(SolutionItems) = preProject
		Local.testsettings = Local.testsettings
		RedisTest.vsmdi = RedisTest.vsmdi
		TraceAndTestImpact.testsettings = TraceAndTestImpact.testsettings
	EndProjectSection
EndProject
Global
	GlobalSection(TestCaseManagementSettings) = postSolution
		CategoryFile = RedisTest.vsmdi
	EndGlobalSection
	GlobalSection(SolutionConfigurationPlatforms) = preSolution
		Debug|Any CPU = Debug|Any CPU
		Debug|Mixed Platforms = Debug|Mixed Platforms
		Debug|x86 = Debug|x86
		Release|Any CPU = Release|Any CPU
		Release|Mixed Platforms = Release|Mixed Platforms
		Release|x86 = Release|x86
	EndGlobalSection
	GlobalSection(ProjectConfigurationPlatforms) = postSolution
		{F864F2FA-C92F-41D2-857A-46B8467A9376}.Debug|Any CPU.ActiveCfg = Debug|x86
		{F864F2FA-C92F-41D2-857A-46B8467A9376}.Debug|Mixed Platforms.ActiveCfg = Debug|x86
		{F864F2FA-C92F-41D2-857A-46B8467A9376}.Debug|Mixed Platforms.Build.0 = Debug|x86
		{F864F2FA-C92F-41D2-857A-46B8467A9376}.Debug|x86.ActiveCfg = Debug|x86
		{F864F2FA-C92F-41D2-857A-46B8467A9376}.Debug|x86.Build.0 = Debug|x86
		{F864F2FA-C92F-41D2-857A-46B8467A9376}.Release|Any CPU.ActiveCfg = Release|x86
		{F864F2FA-C92F-41D2-857A-46B8467A9376}.Release|Mixed Platforms.ActiveCfg = Release|x86
		{F864F2FA-C92F-41D2-857A-46B8467A9376}.Release|Mixed Platforms.Build.0 = Release|x86
		{F864F2FA-C92F-41D2-857A-46B8467A9376}.Release|x86.ActiveCfg = Release|x86
		{F864F2FA-C92F-41D2-857A-46B8467A9376}.Release|x86.Build.0 = Release|x86
		{5D6B259F-E855-4755-8E81-7E4DCC1F99F0}.Debug|Any CPU.ActiveCfg = Debug|x86
		{5D6B259F-E855-4755-8E81-7E4DCC1F99F0}.Debug|Mixed Platforms.ActiveCfg = Debug|x86
		{5D6B259F-E855-4755-8E81-7E4DCC1F99F0}.Debug|Mixed Platforms.Build.0 = Debug|x86
		{5D6B259F-E855-4755-8E81-7E4DCC1F99F0}.Debug|x86.ActiveCfg = Debug|x86
		{5D6B259F-E855-4755-8E81-7E4DCC1F99F0}.Debug|x86.Build.0 = Debug|x86
		{5D6B259F-E855-4755-8E81-7E4DCC1F99F0}.Release|Any CPU.ActiveCfg = Release|x86
		{5D6B259F-E855-4755-8E81-7E4DCC1F99F0}.Release|Mixed Platforms.ActiveCfg = Release|x86
		{5D6B259F-E855-4755-8E81-7E4DCC1F99F0}.Release|Mixed Platforms.Build.0 = Release|x86
		{5D6B259F-E855-4755-8E81-7E4DCC1F99F0}.Release|x86.ActiveCfg = Release|x86
		{5D6B259F-E855-4755-8E81-7E4DCC1F99F0}.Release|x86.Build.0 = Release|x86
		{39E66ABB-E69E-4DFE-82A7-101D87488F28}.Debug|Any CPU.ActiveCfg = Debug|Any CPU
		{39E66ABB-E69E-4DFE-82A7-101D87488F28}.Debug|Any CPU.Build.0 = Debug|Any CPU
		{39E66ABB-E69E-4DFE-82A7-101D87488F28}.Debug|Mixed Platforms.ActiveCfg = Debug|Any CPU
		{39E66ABB-E69E-4DFE-82A7-101D87488F28}.Debug|Mixed Platforms.Build.0 = Debug|Any CPU
		{39E66ABB-E69E-4DFE-82A7-101D87488F28}.Debug|x86.ActiveCfg = Debug|Any CPU
		{39E66ABB-E69E-4DFE-82A7-101D87488F28}.Release|Any CPU.ActiveCfg = Release|Any CPU
		{39E66ABB-E69E-4DFE-82A7-101D87488F28}.Release|Any CPU.Build.0 = Release|Any CPU
		{39E66ABB-E69E-4DFE-82A7-101D87488F28}.Release|Mixed Platforms.ActiveCfg = Release|Any CPU
		{39E66ABB-E69E-4DFE-82A7-101D87488F28}.Release|Mixed Platforms.Build.0 = Release|Any CPU
		{39E66ABB-E69E-4DFE-82A7-101D87488F28}.Release|x86.ActiveCfg = Release|Any CPU
	EndGlobalSection
	GlobalSection(SolutionProperties) = preSolution
		HideSolutionNode = FALSE
	EndGlobalSection
EndGlobal
